{
  "object": {
    "pins": [
      {
        "package": "SwiftFormat",
        "repositoryURL": "https://github.com/nicklockwood/SwiftFormat",
        "state": {
          "branch": null,
          "revision": "9e5d0d588ab6e271fe9887ec3dde21d544d4b080",
          "version": "0.53.5"
        }
      }
    ]
  },
  "version": 1
}
