// !$*UTF8*$!
{
	archiveVersion = 1;
	classes = {
	};
	objectVersion = 56;
	objects = {

/* Begin PBXBuildFile section */
		423DAFF42BA8365000B81A0F /* AppDelegate.swift in Sources */ = {isa = PBXBuildFile; fileRef = 423DAFF32BA8365000B81A0F /* AppDelegate.swift */; };
		423DAFF62BA8365000B81A0F /* SceneDelegate.swift in Sources */ = {isa = PBXBuildFile; fileRef = 423DAFF52BA8365000B81A0F /* SceneDelegate.swift */; };
		423DAFF82BA8365000B81A0F /* RootViewController.swift in Sources */ = {isa = PBXBuildFile; fileRef = 423DAFF72BA8365000B81A0F /* RootViewController.swift */; };
		423DAFFB2BA8365000B81A0F /* Base in Resources */ = {isa = PBXBuildFile; fileRef = 423DAFFA2BA8365000B81A0F /* Base */; };
		423DAFFD2BA8365100B81A0F /* Assets.xcassets in Resources */ = {isa = PBXBuildFile; fileRef = 423DAFFC2BA8365100B81A0F /* Assets.xcassets */; };
		423DB0002BA8365100B81A0F /* Base in Resources */ = {isa = PBXBuildFile; fileRef = 423DAFFF2BA8365100B81A0F /* Base */; };
		423DB0182BA844A300B81A0F /* ReversedCollectionViewController.swift in Sources */ = {isa = PBXBuildFile; fileRef = 423DB0162BA844A300B81A0F /* ReversedCollectionViewController.swift */; };
		42E0EED62BA87E4D00D123C1 /* UICollectionView.RegistrationExtensions.swift in Sources */ = {isa = PBXBuildFile; fileRef = 42E0EED52BA87E4D00D123C1 /* UICollectionView.RegistrationExtensions.swift */; };
		42E0EED82BA87E9400D123C1 /* BottomToTopCollectionProtocol.swift in Sources */ = {isa = PBXBuildFile; fileRef = 42E0EED72BA87E9400D123C1 /* BottomToTopCollectionProtocol.swift */; };
		42E0EEDA2BA87F0100D123C1 /* BottomToTopViewController.swift in Sources */ = {isa = PBXBuildFile; fileRef = 42E0EED92BA87F0100D123C1 /* BottomToTopViewController.swift */; };
		BFAFB74F2BA94E6E00F138AC /* CustomCollectionViewLayoutViewController.swift in Sources */ = {isa = PBXBuildFile; fileRef = BFAFB74E2BA94E6E00F138AC /* CustomCollectionViewLayoutViewController.swift */; };
		BFAFB7512BA94E8E00F138AC /* BottomToTopCollectionViewFlowLayout.swift in Sources */ = {isa = PBXBuildFile; fileRef = BFAFB7502BA94E8E00F138AC /* BottomToTopCollectionViewFlowLayout.swift */; };
		BFAFB7542BA97D3900F138AC /* AdjustCollectionViewInsetViewController.swift in Sources */ = {isa = PBXBuildFile; fileRef = BFAFB7532BA97D3900F138AC /* AdjustCollectionViewInsetViewController.swift */; };
		BFAFB7582BA988B300F138AC /* ReversedListView.swift in Sources */ = {isa = PBXBuildFile; fileRef = BFAFB7572BA988B300F138AC /* ReversedListView.swift */; };
		BFAFB75A2BA98AC500F138AC /* ReversedListView.ColorCell.swift in Sources */ = {isa = PBXBuildFile; fileRef = BFAFB7592BA98AC500F138AC /* ReversedListView.ColorCell.swift */; };
		BFAFB75C2BA98BC700F138AC /* SwiftUIReversedListViewController.swift in Sources */ = {isa = PBXBuildFile; fileRef = BFAFB75B2BA98BC700F138AC /* SwiftUIReversedListViewController.swift */; };
/* End PBXBuildFile section */

/* Begin PBXFileReference section */
		423DAFF02BA8365000B81A0F /* BottomToTopCollectionView.app */ = {isa = PBXFileReference; explicitFileType = wrapper.application; includeInIndex = 0; path = BottomToTopCollectionView.app; sourceTree = BUILT_PRODUCTS_DIR; };
		423DAFF32BA8365000B81A0F /* AppDelegate.swift */ = {isa = PBXFileReference; lastKnownFileType = sourcecode.swift; path = AppDelegate.swift; sourceTree = "<group>"; };
		423DAFF52BA8365000B81A0F /* SceneDelegate.swift */ = {isa = PBXFileReference; lastKnownFileType = sourcecode.swift; path = SceneDelegate.swift; sourceTree = "<group>"; };
		423DAFF72BA8365000B81A0F /* RootViewController.swift */ = {isa = PBXFileReference; lastKnownFileType = sourcecode.swift; path = RootViewController.swift; sourceTree = "<group>"; };
		423DAFFA2BA8365000B81A0F /* Base */ = {isa = PBXFileReference; lastKnownFileType = file.storyboard; name = Base; path = Base.lproj/Main.storyboard; sourceTree = "<group>"; };
		423DAFFC2BA8365100B81A0F /* Assets.xcassets */ = {isa = PBXFileReference; lastKnownFileType = folder.assetcatalog; path = Assets.xcassets; sourceTree = "<group>"; };
		423DAFFF2BA8365100B81A0F /* Base */ = {isa = PBXFileReference; lastKnownFileType = file.storyboard; name = Base; path = Base.lproj/LaunchScreen.storyboard; sourceTree = "<group>"; };
		423DB0012BA8365100B81A0F /* Info.plist */ = {isa = PBXFileReference; lastKnownFileType = text.plist.xml; path = Info.plist; sourceTree = "<group>"; };
		423DB0162BA844A300B81A0F /* ReversedCollectionViewController.swift */ = {isa = PBXFileReference; lastKnownFileType = sourcecode.swift; path = ReversedCollectionViewController.swift; sourceTree = "<group>"; };
		42E0EED52BA87E4D00D123C1 /* UICollectionView.RegistrationExtensions.swift */ = {isa = PBXFileReference; lastKnownFileType = sourcecode.swift; path = UICollectionView.RegistrationExtensions.swift; sourceTree = "<group>"; };
		42E0EED72BA87E9400D123C1 /* BottomToTopCollectionProtocol.swift */ = {isa = PBXFileReference; lastKnownFileType = sourcecode.swift; path = BottomToTopCollectionProtocol.swift; sourceTree = "<group>"; };
		42E0EED92BA87F0100D123C1 /* BottomToTopViewController.swift */ = {isa = PBXFileReference; lastKnownFileType = sourcecode.swift; path = BottomToTopViewController.swift; sourceTree = "<group>"; };
		BFAFB74E2BA94E6E00F138AC /* CustomCollectionViewLayoutViewController.swift */ = {isa = PBXFileReference; lastKnownFileType = sourcecode.swift; path = CustomCollectionViewLayoutViewController.swift; sourceTree = "<group>"; };
		BFAFB7502BA94E8E00F138AC /* BottomToTopCollectionViewFlowLayout.swift */ = {isa = PBXFileReference; lastKnownFileType = sourcecode.swift; path = BottomToTopCollectionViewFlowLayout.swift; sourceTree = "<group>"; };
		BFAFB7532BA97D3900F138AC /* AdjustCollectionViewInsetViewController.swift */ = {isa = PBXFileReference; lastKnownFileType = sourcecode.swift; path = AdjustCollectionViewInsetViewController.swift; sourceTree = "<group>"; };
		BFAFB7572BA988B300F138AC /* ReversedListView.swift */ = {isa = PBXFileReference; lastKnownFileType = sourcecode.swift; path = ReversedListView.swift; sourceTree = "<group>"; };
		BFAFB7592BA98AC500F138AC /* ReversedListView.ColorCell.swift */ = {isa = PBXFileReference; lastKnownFileType = sourcecode.swift; path = ReversedListView.ColorCell.swift; sourceTree = "<group>"; };
		BFAFB75B2BA98BC700F138AC /* SwiftUIReversedListViewController.swift */ = {isa = PBXFileReference; lastKnownFileType = sourcecode.swift; path = SwiftUIReversedListViewController.swift; sourceTree = "<group>"; };
/* End PBXFileReference section */

/* Begin PBXFrameworksBuildPhase section */
		423DAFED2BA8365000B81A0F /* Frameworks */ = {
			isa = PBXFrameworksBuildPhase;
			buildActionMask = 2147483647;
			files = (
			);
			runOnlyForDeploymentPostprocessing = 0;
		};
/* End PBXFrameworksBuildPhase section */

/* Begin PBXGroup section */
		423DAFE72BA8365000B81A0F = {
			isa = PBXGroup;
			children = (
				423DAFF22BA8365000B81A0F /* BottomToTopCollectionView */,
				423DAFF12BA8365000B81A0F /* Products */,
			);
			sourceTree = "<group>";
		};
		423DAFF12BA8365000B81A0F /* Products */ = {
			isa = PBXGroup;
			children = (
				423DAFF02BA8365000B81A0F /* BottomToTopCollectionView.app */,
			);
			name = Products;
			sourceTree = "<group>";
		};
		423DAFF22BA8365000B81A0F /* BottomToTopCollectionView */ = {
			isa = PBXGroup;
			children = (
				423DAFF32BA8365000B81A0F /* AppDelegate.swift */,
				423DAFF52BA8365000B81A0F /* SceneDelegate.swift */,
				423DAFF72BA8365000B81A0F /* RootViewController.swift */,
				42E0EED92BA87F0100D123C1 /* BottomToTopViewController.swift */,
				42E0EED72BA87E9400D123C1 /* BottomToTopCollectionProtocol.swift */,
				423DB0072BA83D4C00B81A0F /* Reversed */,
				BFAFB74D2BA94E4B00F138AC /* CustomCollectionViewLayout */,
				BFAFB7522BA97D1300F138AC /* AdjustCollectionViewInset */,
				BFAFB7562BA987FC00F138AC /* SwiftUIReversedList */,
				42E0EED52BA87E4D00D123C1 /* UICollectionView.RegistrationExtensions.swift */,
				423DAFF92BA8365000B81A0F /* Main.storyboard */,
				423DAFFC2BA8365100B81A0F /* Assets.xcassets */,
				423DAFFE2BA8365100B81A0F /* LaunchScreen.storyboard */,
				423DB0012BA8365100B81A0F /* Info.plist */,
			);
			path = BottomToTopCollectionView;
			sourceTree = "<group>";
		};
		423DB0072BA83D4C00B81A0F /* Reversed */ = {
			isa = PBXGroup;
			children = (
				423DB0162BA844A300B81A0F /* ReversedCollectionViewController.swift */,
			);
			path = Reversed;
			sourceTree = "<group>";
		};
		BFAFB74D2BA94E4B00F138AC /* CustomCollectionViewLayout */ = {
			isa = PBXGroup;
			children = (
				BFAFB74E2BA94E6E00F138AC /* CustomCollectionViewLayoutViewController.swift */,
				BFAFB7502BA94E8E00F138AC /* BottomToTopCollectionViewFlowLayout.swift */,
			);
			path = CustomCollectionViewLayout;
			sourceTree = "<group>";
		};
		BFAFB7522BA97D1300F138AC /* AdjustCollectionViewInset */ = {
			isa = PBXGroup;
			children = (
				BFAFB7532BA97D3900F138AC /* AdjustCollectionViewInsetViewController.swift */,
			);
			path = AdjustCollectionViewInset;
			sourceTree = "<group>";
		};
		BFAFB7562BA987FC00F138AC /* SwiftUIReversedList */ = {
			isa = PBXGroup;
			children = (
				BFAFB75B2BA98BC700F138AC /* SwiftUIReversedListViewController.swift */,
				BFAFB7572BA988B300F138AC /* ReversedListView.swift */,
				BFAFB7592BA98AC500F138AC /* ReversedListView.ColorCell.swift */,
			);
			path = SwiftUIReversedList;
			sourceTree = "<group>";
		};
/* End PBXGroup section */

/* Begin PBXNativeTarget section */
		423DAFEF2BA8365000B81A0F /* BottomToTopCollectionView */ = {
			isa = PBXNativeTarget;
			buildConfigurationList = 423DB0042BA8365100B81A0F /* Build configuration list for PBXNativeTarget "BottomToTopCollectionView" */;
			buildPhases = (
				423DB00A2BA83E4C00B81A0F /* Swift Format */,
				423DAFEC2BA8365000B81A0F /* Sources */,
				423DAFED2BA8365000B81A0F /* Frameworks */,
				423DAFEE2BA8365000B81A0F /* Resources */,
			);
			buildRules = (
			);
			dependencies = (
			);
			name = BottomToTopCollectionView;
			productName = BottomToTopCollectionView;
			productReference = 423DAFF02BA8365000B81A0F /* BottomToTopCollectionView.app */;
			productType = "com.apple.product-type.application";
		};
/* End PBXNativeTarget section */

/* Begin PBXProject section */
		423DAFE82BA8365000B81A0F /* Project object */ = {
			isa = PBXProject;
			attributes = {
				BuildIndependentTargetsInParallel = 1;
				LastSwiftUpdateCheck = 1530;
				LastUpgradeCheck = 1530;
				TargetAttributes = {
					423DAFEF2BA8365000B81A0F = {
						CreatedOnToolsVersion = 15.3;
					};
				};
			};
			buildConfigurationList = 423DAFEB2BA8365000B81A0F /* Build configuration list for PBXProject "BottomToTopCollectionView" */;
			compatibilityVersion = "Xcode 14.0";
			developmentRegion = en;
			hasScannedForEncodings = 0;
			knownRegions = (
				en,
				Base,
			);
			mainGroup = 423DAFE72BA8365000B81A0F;
			productRefGroup = 423DAFF12BA8365000B81A0F /* Products */;
			projectDirPath = "";
			projectRoot = "";
			targets = (
				423DAFEF2BA8365000B81A0F /* BottomToTopCollectionView */,
			);
		};
/* End PBXProject section */

/* Begin PBXResourcesBuildPhase section */
		423DAFEE2BA8365000B81A0F /* Resources */ = {
			isa = PBXResourcesBuildPhase;
			buildActionMask = 2147483647;
			files = (
				423DAFFD2BA8365100B81A0F /* Assets.xcassets in Resources */,
				423DB0002BA8365100B81A0F /* Base in Resources */,
				423DAFFB2BA8365000B81A0F /* Base in Resources */,
			);
			runOnlyForDeploymentPostprocessing = 0;
		};
/* End PBXResourcesBuildPhase section */

/* Begin PBXShellScriptBuildPhase section */
		423DB00A2BA83E4C00B81A0F /* Swift Format */ = {
			isa = PBXShellScriptBuildPhase;
			buildActionMask = 2147483647;
			files = (
			);
			inputFileListPaths = (
			);
			inputPaths = (
			);
			name = "Swift Format";
			outputFileListPaths = (
			);
			outputPaths = (
			);
			runOnlyForDeploymentPostprocessing = 0;
			shellPath = /bin/sh;
			shellScript = "if [ \\\"$ENABLE_PREVIEWS\\\" == \\\"NO\\\" ]; then\n    cd BuildTools\n    SDKROOT=(xcrun --sdk macosx --show-sdk-path)\n    #swift package update #Uncomment this line temporarily to update the version used to the latest matching your BuildTools/Package.swift file\n    swift run -c release swiftformat \"$SRCROOT\"\nfi\n";
		};
/* End PBXShellScriptBuildPhase section */

/* Begin PBXSourcesBuildPhase section */
		423DAFEC2BA8365000B81A0F /* Sources */ = {
			isa = PBXSourcesBuildPhase;
			buildActionMask = 2147483647;
			files = (
				BFAFB74F2BA94E6E00F138AC /* CustomCollectionViewLayoutViewController.swift in Sources */,
				BFAFB75C2BA98BC700F138AC /* SwiftUIReversedListViewController.swift in Sources */,
				42E0EED62BA87E4D00D123C1 /* UICollectionView.RegistrationExtensions.swift in Sources */,
				42E0EED82BA87E9400D123C1 /* BottomToTopCollectionProtocol.swift in Sources */,
				423DB0182BA844A300B81A0F /* ReversedCollectionViewController.swift in Sources */,
				BFAFB7582BA988B300F138AC /* ReversedListView.swift in Sources */,
				423DAFF82BA8365000B81A0F /* RootViewController.swift in Sources */,
				BFAFB75A2BA98AC500F138AC /* ReversedListView.ColorCell.swift in Sources */,
				423DAFF42BA8365000B81A0F /* AppDelegate.swift in Sources */,
				42E0EEDA2BA87F0100D123C1 /* BottomToTopViewController.swift in Sources */,
				423DAFF62BA8365000B81A0F /* SceneDelegate.swift in Sources */,
				BFAFB7542BA97D3900F138AC /* AdjustCollectionViewInsetViewController.swift in Sources */,
				BFAFB7512BA94E8E00F138AC /* BottomToTopCollectionViewFlowLayout.swift in Sources */,
			);
			runOnlyForDeploymentPostprocessing = 0;
		};
/* End PBXSourcesBuildPhase section */

/* Begin PBXVariantGroup section */
		423DAFF92BA8365000B81A0F /* Main.storyboard */ = {
			isa = PBXVariantGroup;
			children = (
				423DAFFA2BA8365000B81A0F /* Base */,
			);
			name = Main.storyboard;
			sourceTree = "<group>";
		};
		423DAFFE2BA8365100B81A0F /* LaunchScreen.storyboard */ = {
			isa = PBXVariantGroup;
			children = (
				423DAFFF2BA8365100B81A0F /* Base */,
			);
			name = LaunchScreen.storyboard;
			sourceTree = "<group>";
		};
/* End PBXVariantGroup section */

/* Begin XCBuildConfiguration section */
		423DB0022BA8365100B81A0F /* Debug */ = {
			isa = XCBuildConfiguration;
			buildSettings = {
				ALWAYS_SEARCH_USER_PATHS = NO;
				ASSETCATALOG_COMPILER_GENERATE_SWIFT_ASSET_SYMBOL_EXTENSIONS = YES;
				CLANG_ANALYZER_NONNULL = YES;
				CLANG_ANALYZER_NUMBER_OBJECT_CONVERSION = YES_AGGRESSIVE;
				CLANG_CXX_LANGUAGE_STANDARD = "gnu++20";
				CLANG_ENABLE_MODULES = YES;
				CLANG_ENABLE_OBJC_ARC = YES;
				CLANG_ENABLE_OBJC_WEAK = YES;
				CLANG_WARN_BLOCK_CAPTURE_AUTORELEASING = YES;
				CLANG_WARN_BOOL_CONVERSION = YES;
				CLANG_WARN_COMMA = YES;
				CLANG_WARN_CONSTANT_CONVERSION = YES;
				CLANG_WARN_DEPRECATED_OBJC_IMPLEMENTATIONS = YES;
				CLANG_WARN_DIRECT_OBJC_ISA_USAGE = YES_ERROR;
				CLANG_WARN_DOCUMENTATION_COMMENTS = YES;
				CLANG_WARN_EMPTY_BODY = YES;
				CLANG_WARN_ENUM_CONVERSION = YES;
				CLANG_WARN_INFINITE_RECURSION = YES;
				CLANG_WARN_INT_CONVERSION = YES;
				CLANG_WARN_NON_LITERAL_NULL_CONVERSION = YES;
				CLANG_WARN_OBJC_IMPLICIT_RETAIN_SELF = YES;
				CLANG_WARN_OBJC_LITERAL_CONVERSION = YES;
				CLANG_WARN_OBJC_ROOT_CLASS = YES_ERROR;
				CLANG_WARN_QUOTED_INCLUDE_IN_FRAMEWORK_HEADER = YES;
				CLANG_WARN_RANGE_LOOP_ANALYSIS = YES;
				CLANG_WARN_STRICT_PROTOTYPES = YES;
				CLANG_WARN_SUSPICIOUS_MOVE = YES;
				CLANG_WARN_UNGUARDED_AVAILABILITY = YES_AGGRESSIVE;
				CLANG_WARN_UNREACHABLE_CODE = YES;
				CLANG_WARN__DUPLICATE_METHOD_MATCH = YES;
				COPY_PHASE_STRIP = NO;
				DEBUG_INFORMATION_FORMAT = dwarf;
				ENABLE_STRICT_OBJC_MSGSEND = YES;
				ENABLE_TESTABILITY = YES;
				ENABLE_USER_SCRIPT_SANDBOXING = YES;
				GCC_C_LANGUAGE_STANDARD = gnu17;
				GCC_DYNAMIC_NO_PIC = NO;
				GCC_NO_COMMON_BLOCKS = YES;
				GCC_OPTIMIZATION_LEVEL = 0;
				GCC_PREPROCESSOR_DEFINITIONS = (
					"DEBUG=1",
					"$(inherited)",
				);
				GCC_WARN_64_TO_32_BIT_CONVERSION = YES;
				GCC_WARN_ABOUT_RETURN_TYPE = YES_ERROR;
				GCC_WARN_UNDECLARED_SELECTOR = YES;
				GCC_WARN_UNINITIALIZED_AUTOS = YES_AGGRESSIVE;
				GCC_WARN_UNUSED_FUNCTION = YES;
				GCC_WARN_UNUSED_VARIABLE = YES;
				IPHONEOS_DEPLOYMENT_TARGET = 17.4;
				LOCALIZATION_PREFERS_STRING_CATALOGS = YES;
				MTL_ENABLE_DEBUG_INFO = INCLUDE_SOURCE;
				MTL_FAST_MATH = YES;
				ONLY_ACTIVE_ARCH = YES;
				SDKROOT = iphoneos;
				SWIFT_ACTIVE_COMPILATION_CONDITIONS = "DEBUG $(inherited)";
				SWIFT_OPTIMIZATION_LEVEL = "-Onone";
			};
			name = Debug;
		};
		423DB0032BA8365100B81A0F /* Release */ = {
			isa = XCBuildConfiguration;
			buildSettings = {
				ALWAYS_SEARCH_USER_PATHS = NO;
				ASSETCATALOG_COMPILER_GENERATE_SWIFT_ASSET_SYMBOL_EXTENSIONS = YES;
				CLANG_ANALYZER_NONNULL = YES;
				CLANG_ANALYZER_NUMBER_OBJECT_CONVERSION = YES_AGGRESSIVE;
				CLANG_CXX_LANGUAGE_STANDARD = "gnu++20";
				CLANG_ENABLE_MODULES = YES;
				CLANG_ENABLE_OBJC_ARC = YES;
				CLANG_ENABLE_OBJC_WEAK = YES;
				CLANG_WARN_BLOCK_CAPTURE_AUTORELEASING = YES;
				CLANG_WARN_BOOL_CONVERSION = YES;
				CLANG_WARN_COMMA = YES;
				CLANG_WARN_CONSTANT_CONVERSION = YES;
				CLANG_WARN_DEPRECATED_OBJC_IMPLEMENTATIONS = YES;
				CLANG_WARN_DIRECT_OBJC_ISA_USAGE = YES_ERROR;
				CLANG_WARN_DOCUMENTATION_COMMENTS = YES;
				CLANG_WARN_EMPTY_BODY = YES;
				CLANG_WARN_ENUM_CONVERSION = YES;
				CLANG_WARN_INFINITE_RECURSION = YES;
				CLANG_WARN_INT_CONVERSION = YES;
				CLANG_WARN_NON_LITERAL_NULL_CONVERSION = YES;
				CLANG_WARN_OBJC_IMPLICIT_RETAIN_SELF = YES;
				CLANG_WARN_OBJC_LITERAL_CONVERSION = YES;
				CLANG_WARN_OBJC_ROOT_CLASS = YES_ERROR;
				CLANG_WARN_QUOTED_INCLUDE_IN_FRAMEWORK_HEADER = YES;
				CLANG_WARN_RANGE_LOOP_ANALYSIS = YES;
				CLANG_WARN_STRICT_PROTOTYPES = YES;
				CLANG_WARN_SUSPICIOUS_MOVE = YES;
				CLANG_WARN_UNGUARDED_AVAILABILITY = YES_AGGRESSIVE;
				CLANG_WARN_UNREACHABLE_CODE = YES;
				CLANG_WARN__DUPLICATE_METHOD_MATCH = YES;
				COPY_PHASE_STRIP = NO;
				DEBUG_INFORMATION_FORMAT = "dwarf-with-dsym";
				ENABLE_NS_ASSERTIONS = NO;
				ENABLE_STRICT_OBJC_MSGSEND = YES;
				ENABLE_USER_SCRIPT_SANDBOXING = YES;
				GCC_C_LANGUAGE_STANDARD = gnu17;
				GCC_NO_COMMON_BLOCKS = YES;
				GCC_WARN_64_TO_32_BIT_CONVERSION = YES;
				GCC_WARN_ABOUT_RETURN_TYPE = YES_ERROR;
				GCC_WARN_UNDECLARED_SELECTOR = YES;
				GCC_WARN_UNINITIALIZED_AUTOS = YES_AGGRESSIVE;
				GCC_WARN_UNUSED_FUNCTION = YES;
				GCC_WARN_UNUSED_VARIABLE = YES;
				IPHONEOS_DEPLOYMENT_TARGET = 17.4;
				LOCALIZATION_PREFERS_STRING_CATALOGS = YES;
				MTL_ENABLE_DEBUG_INFO = NO;
				MTL_FAST_MATH = YES;
				SDKROOT = iphoneos;
				SWIFT_COMPILATION_MODE = wholemodule;
				VALIDATE_PRODUCT = YES;
			};
			name = Release;
		};
		423DB0052BA8365100B81A0F /* Debug */ = {
			isa = XCBuildConfiguration;
			buildSettings = {
				ASSETCATALOG_COMPILER_APPICON_NAME = AppIcon;
				ASSETCATALOG_COMPILER_GLOBAL_ACCENT_COLOR_NAME = AccentColor;
				CODE_SIGN_STYLE = Automatic;
				CURRENT_PROJECT_VERSION = 1;
				ENABLE_USER_SCRIPT_SANDBOXING = NO;
				GENERATE_INFOPLIST_FILE = YES;
				INFOPLIST_FILE = BottomToTopCollectionView/Info.plist;
				INFOPLIST_KEY_UIApplicationSupportsIndirectInputEvents = YES;
				INFOPLIST_KEY_UILaunchStoryboardName = LaunchScreen;
				INFOPLIST_KEY_UIMainStoryboardFile = Main;
				INFOPLIST_KEY_UISupportedInterfaceOrientations_iPad = "UIInterfaceOrientationPortrait UIInterfaceOrientationPortraitUpsideDown UIInterfaceOrientationLandscapeLeft UIInterfaceOrientationLandscapeRight";
				INFOPLIST_KEY_UISupportedInterfaceOrientations_iPhone = "UIInterfaceOrientationPortrait UIInterfaceOrientationLandscapeLeft UIInterfaceOrientationLandscapeRight";
				LD_RUNPATH_SEARCH_PATHS = (
					"$(inherited)",
					"@executable_path/Frameworks",
				);
				MARKETING_VERSION = 1.0;
				PRODUCT_BUNDLE_IDENTIFIER = hayason00.BottomToTopCollectionView;
				PRODUCT_NAME = "$(TARGET_NAME)";
				SWIFT_EMIT_LOC_STRINGS = YES;
				SWIFT_VERSION = 5.0;
				TARGETED_DEVICE_FAMILY = "1,2";
			};
			name = Debug;
		};
		423DB0062BA8365100B81A0F /* Release */ = {
			isa = XCBuildConfiguration;
			buildSettings = {
				ASSETCATALOG_COMPILER_APPICON_NAME = AppIcon;
				ASSETCATALOG_COMPILER_GLOBAL_ACCENT_COLOR_NAME = AccentColor;
				CODE_SIGN_STYLE = Automatic;
				CURRENT_PROJECT_VERSION = 1;
				ENABLE_USER_SCRIPT_SANDBOXING = NO;
				GENERATE_INFOPLIST_FILE = YES;
				INFOPLIST_FILE = BottomToTopCollectionView/Info.plist;
				INFOPLIST_KEY_UIApplicationSupportsIndirectInputEvents = YES;
				INFOPLIST_KEY_UILaunchStoryboardName = LaunchScreen;
				INFOPLIST_KEY_UIMainStoryboardFile = Main;
				INFOPLIST_KEY_UISupportedInterfaceOrientations_iPad = "UIInterfaceOrientationPortrait UIInterfaceOrientationPortraitUpsideDown UIInterfaceOrientationLandscapeLeft UIInterfaceOrientationLandscapeRight";
				INFOPLIST_KEY_UISupportedInterfaceOrientations_iPhone = "UIInterfaceOrientationPortrait UIInterfaceOrientationLandscapeLeft UIInterfaceOrientationLandscapeRight";
				LD_RUNPATH_SEARCH_PATHS = (
					"$(inherited)",
					"@executable_path/Frameworks",
				);
				MARKETING_VERSION = 1.0;
				PRODUCT_BUNDLE_IDENTIFIER = hayason00.BottomToTopCollectionView;
				PRODUCT_NAME = "$(TARGET_NAME)";
				SWIFT_EMIT_LOC_STRINGS = YES;
				SWIFT_VERSION = 5.0;
				TARGETED_DEVICE_FAMILY = "1,2";
			};
			name = Release;
		};
/* End XCBuildConfiguration section */

/* Begin XCConfigurationList section */
		423DAFEB2BA8365000B81A0F /* Build configuration list for PBXProject "BottomToTopCollectionView" */ = {
			isa = XCConfigurationList;
			buildConfigurations = (
				423DB0022BA8365100B81A0F /* Debug */,
				423DB0032BA8365100B81A0F /* Release */,
			);
			defaultConfigurationIsVisible = 0;
			defaultConfigurationName = Release;
		};
		423DB0042BA8365100B81A0F /* Build configuration list for PBXNativeTarget "BottomToTopCollectionView" */ = {
			isa = XCConfigurationList;
			buildConfigurations = (
				423DB0052BA8365100B81A0F /* Debug */,
				423DB0062BA8365100B81A0F /* Release */,
			);
			defaultConfigurationIsVisible = 0;
			defaultConfigurationName = Release;
		};
/* End XCConfigurationList section */
	};
	rootObject = 423DAFE82BA8365000B81A0F /* Project object */;
}
